
Microsoft Visual Studio Solution File, Format Version 12.00
# Visual Studio Version 17
VisualStudioVersion = 17.8.34511.84
MinimumVisualStudioVersion = 10.0.40219.1
Project("{FAE04EC0-301F-11D3-BF4B-00C04F79EFBC}") = "Improved_Method_Group_Conversion_to_Delegate", "Improved_Method_Group_Conversion_to_Delegate.csproj", "{A231A945-9B07-45CB-B58B-5A9FA62B2177}"
EndProject
Global
	GlobalSection(SolutionConfigurationPlatforms) = preSolution
		Debug|Any CPU = Debug|Any CPU
		Release|Any CPU = Release|Any CPU
	EndGlobalSection
	GlobalSection(ProjectConfigurationPlatforms) = postSolution
		{A231A945-9B07-45CB-B58B-5A9FA62B2177}.Debug|Any CPU.ActiveCfg = Debug|Any CPU
		{A231A945-9B07-45CB-B58B-5A9FA62B2177}.Debug|Any CPU.Build.0 = Debug|Any CPU
		{A231A945-9B07-45CB-B58B-5A9FA62B2177}.Release|Any CPU.ActiveCfg = Release|Any CPU
		{A231A945-9B07-45CB-B58B-5A9FA62B2177}.Release|Any CPU.Build.0 = Release|Any CPU
	EndGlobalSection
	GlobalSection(SolutionProperties) = preSolution
		HideSolutionNode = FALSE
	EndGlobalSection
	GlobalSection(ExtensibilityGlobals) = postSolution
		SolutionGuid = {CD9B2C18-E418-4572-A8B7-49B8C505D1B1}
	EndGlobalSection
EndGlobal
