
Microsoft Visual Studio Solution File, Format Version 12.00
# Visual Studio Version 17
VisualStudioVersion = 17.8.34511.84
MinimumVisualStudioVersion = 10.0.40219.1
Project("{FAE04EC0-301F-11D3-BF4B-00C04F79EFBC}") = "Improvements_of_Structure_Types", "Improvements_of_Structure_Types.csproj", "{72BE079D-53C2-412B-9FC6-FD01E36998E5}"
EndProject
Global
	GlobalSection(SolutionConfigurationPlatforms) = preSolution
		Debug|Any CPU = Debug|Any CPU
		Release|Any CPU = Release|Any CPU
	EndGlobalSection
	GlobalSection(ProjectConfigurationPlatforms) = postSolution
		{72BE079D-53C2-412B-9FC6-FD01E36998E5}.Debug|Any CPU.ActiveCfg = Debug|Any CPU
		{72BE079D-53C2-412B-9FC6-FD01E36998E5}.Debug|Any CPU.Build.0 = Debug|Any CPU
		{72BE079D-53C2-412B-9FC6-FD01E36998E5}.Release|Any CPU.ActiveCfg = Release|Any CPU
		{72BE079D-53C2-412B-9FC6-FD01E36998E5}.Release|Any CPU.Build.0 = Release|Any CPU
	EndGlobalSection
	GlobalSection(SolutionProperties) = preSolution
		HideSolutionNode = FALSE
	EndGlobalSection
	GlobalSection(ExtensibilityGlobals) = postSolution
		SolutionGuid = {BD59C255-37E2-4C48-89BD-4EC9525A4CC4}
	EndGlobalSection
EndGlobal
