
Microsoft Visual Studio Solution File, Format Version 12.00
# Visual Studio Version 17
VisualStudioVersion = 17.8.34511.84
MinimumVisualStudioVersion = 10.0.40219.1
Project("{FAE04EC0-301F-11D3-BF4B-00C04F79EFBC}") = "Improvements-on-lambda-expressions", "Improvements-on-lambda-expressions.csproj", "{013355D4-465C-45CC-A38D-36CFE3E05775}"
EndProject
Global
	GlobalSection(SolutionConfigurationPlatforms) = preSolution
		Debug|Any CPU = Debug|Any CPU
		Release|Any CPU = Release|Any CPU
	EndGlobalSection
	GlobalSection(ProjectConfigurationPlatforms) = postSolution
		{013355D4-465C-45CC-A38D-36CFE3E05775}.Debug|Any CPU.ActiveCfg = Debug|Any CPU
		{013355D4-465C-45CC-A38D-36CFE3E05775}.Debug|Any CPU.Build.0 = Debug|Any CPU
		{013355D4-465C-45CC-A38D-36CFE3E05775}.Release|Any CPU.ActiveCfg = Release|Any CPU
		{013355D4-465C-45CC-A38D-36CFE3E05775}.Release|Any CPU.Build.0 = Release|Any CPU
	EndGlobalSection
	GlobalSection(SolutionProperties) = preSolution
		HideSolutionNode = FALSE
	EndGlobalSection
	GlobalSection(ExtensibilityGlobals) = postSolution
		SolutionGuid = {BC96C1A2-4368-4632-97DD-5D96EC08BCF2}
	EndGlobalSection
EndGlobal
