
Microsoft Visual Studio Solution File, Format Version 12.00
# Visual Studio Version 17
VisualStudioVersion = 17.8.34511.84
MinimumVisualStudioVersion = 10.0.40219.1
Project("{FAE04EC0-301F-11D3-BF4B-00C04F79EFBC}") = "Allow-AsyncMethodBuilder-attribute-on-methods", "Allow-AsyncMethodBuilder-attribute-on-methods.csproj", "{1E22C8A5-D6D1-41DE-90E8-13F5C94F51D0}"
EndProject
Global
	GlobalSection(SolutionConfigurationPlatforms) = preSolution
		Debug|Any CPU = Debug|Any CPU
		Release|Any CPU = Release|Any CPU
	EndGlobalSection
	GlobalSection(ProjectConfigurationPlatforms) = postSolution
		{1E22C8A5-D6D1-41DE-90E8-13F5C94F51D0}.Debug|Any CPU.ActiveCfg = Debug|Any CPU
		{1E22C8A5-D6D1-41DE-90E8-13F5C94F51D0}.Debug|Any CPU.Build.0 = Debug|Any CPU
		{1E22C8A5-D6D1-41DE-90E8-13F5C94F51D0}.Release|Any CPU.ActiveCfg = Release|Any CPU
		{1E22C8A5-D6D1-41DE-90E8-13F5C94F51D0}.Release|Any CPU.Build.0 = Release|Any CPU
	EndGlobalSection
	GlobalSection(SolutionProperties) = preSolution
		HideSolutionNode = FALSE
	EndGlobalSection
	GlobalSection(ExtensibilityGlobals) = postSolution
		SolutionGuid = {6FBD8E7F-13BA-4B2F-B50B-BFC40E60946C}
	EndGlobalSection
EndGlobal
