
Microsoft Visual Studio Solution File, Format Version 12.00
# Visual Studio Version 17
VisualStudioVersion = 17.8.34511.84
MinimumVisualStudioVersion = 10.0.40219.1
Project("{FAE04EC0-301F-11D3-BF4B-00C04F79EFBC}") = "Ref_Fields_and_Scoped_Ref", "Ref_Fields_and_Scoped_Ref.csproj", "{54F54144-BC2C-49DD-B35D-E079BECA9CAA}"
EndProject
Global
	GlobalSection(SolutionConfigurationPlatforms) = preSolution
		Debug|Any CPU = Debug|Any CPU
		Release|Any CPU = Release|Any CPU
	EndGlobalSection
	GlobalSection(ProjectConfigurationPlatforms) = postSolution
		{54F54144-BC2C-49DD-B35D-E079BECA9CAA}.Debug|Any CPU.ActiveCfg = Debug|Any CPU
		{54F54144-BC2C-49DD-B35D-E079BECA9CAA}.Debug|Any CPU.Build.0 = Debug|Any CPU
		{54F54144-BC2C-49DD-B35D-E079BECA9CAA}.Release|Any CPU.ActiveCfg = Release|Any CPU
		{54F54144-BC2C-49DD-B35D-E079BECA9CAA}.Release|Any CPU.Build.0 = Release|Any CPU
	EndGlobalSection
	GlobalSection(SolutionProperties) = preSolution
		HideSolutionNode = FALSE
	EndGlobalSection
	GlobalSection(ExtensibilityGlobals) = postSolution
		SolutionGuid = {38477B2B-850C-4ADB-AFAA-63DCD950687A}
	EndGlobalSection
EndGlobal
