
Microsoft Visual Studio Solution File, Format Version 12.00
# Visual Studio Version 17
VisualStudioVersion = 17.8.34511.84
MinimumVisualStudioVersion = 10.0.40219.1
Project("{FAE04EC0-301F-11D3-BF4B-00C04F79EFBC}") = "CallerArgumentExpression", "CallerArgumentExpression.csproj", "{09959E87-F23F-43A2-8193-4F50A1657D8A}"
EndProject
Global
	GlobalSection(SolutionConfigurationPlatforms) = preSolution
		Debug|Any CPU = Debug|Any CPU
		Release|Any CPU = Release|Any CPU
	EndGlobalSection
	GlobalSection(ProjectConfigurationPlatforms) = postSolution
		{09959E87-F23F-43A2-8193-4F50A1657D8A}.Debug|Any CPU.ActiveCfg = Debug|Any CPU
		{09959E87-F23F-43A2-8193-4F50A1657D8A}.Debug|Any CPU.Build.0 = Debug|Any CPU
		{09959E87-F23F-43A2-8193-4F50A1657D8A}.Release|Any CPU.ActiveCfg = Release|Any CPU
		{09959E87-F23F-43A2-8193-4F50A1657D8A}.Release|Any CPU.Build.0 = Release|Any CPU
	EndGlobalSection
	GlobalSection(SolutionProperties) = preSolution
		HideSolutionNode = FALSE
	EndGlobalSection
	GlobalSection(ExtensibilityGlobals) = postSolution
		SolutionGuid = {042EA91F-A290-4E1A-855B-12447C827858}
	EndGlobalSection
EndGlobal
