
Microsoft Visual Studio Solution File, Format Version 12.00
# Visual Studio Version 17
VisualStudioVersion = 17.8.34511.84
MinimumVisualStudioVersion = 10.0.40219.1
Project("{FAE04EC0-301F-11D3-BF4B-00C04F79EFBC}") = "Native-Sized-Integers", "Native-Sized-Integers.csproj", "{A602A7BA-C0AF-4F86-A99B-F5B03ABCFF90}"
EndProject
Global
	GlobalSection(SolutionConfigurationPlatforms) = preSolution
		Debug|Any CPU = Debug|Any CPU
		Release|Any CPU = Release|Any CPU
	EndGlobalSection
	GlobalSection(ProjectConfigurationPlatforms) = postSolution
		{A602A7BA-C0AF-4F86-A99B-F5B03ABCFF90}.Debug|Any CPU.ActiveCfg = Debug|Any CPU
		{A602A7BA-C0AF-4F86-A99B-F5B03ABCFF90}.Debug|Any CPU.Build.0 = Debug|Any CPU
		{A602A7BA-C0AF-4F86-A99B-F5B03ABCFF90}.Release|Any CPU.ActiveCfg = Release|Any CPU
		{A602A7BA-C0AF-4F86-A99B-F5B03ABCFF90}.Release|Any CPU.Build.0 = Release|Any CPU
	EndGlobalSection
	GlobalSection(SolutionProperties) = preSolution
		HideSolutionNode = FALSE
	EndGlobalSection
	GlobalSection(ExtensibilityGlobals) = postSolution
		SolutionGuid = {EE87E301-6A27-4C96-966F-84C136133341}
	EndGlobalSection
EndGlobal
