
Microsoft Visual Studio Solution File, Format Version 12.00
# Visual Studio Version 17
VisualStudioVersion = 17.8.34511.84
MinimumVisualStudioVersion = 10.0.40219.1
Project("{FAE04EC0-301F-11D3-BF4B-00C04F79EFBC}") = "GenericAttribute", "GenericAttribute.csproj", "{32DA34D6-1DEE-42E8-8F6F-F94B88E9F5F5}"
EndProject
Global
	GlobalSection(SolutionConfigurationPlatforms) = preSolution
		Debug|Any CPU = Debug|Any CPU
		Release|Any CPU = Release|Any CPU
	EndGlobalSection
	GlobalSection(ProjectConfigurationPlatforms) = postSolution
		{32DA34D6-1DEE-42E8-8F6F-F94B88E9F5F5}.Debug|Any CPU.ActiveCfg = Debug|Any CPU
		{32DA34D6-1DEE-42E8-8F6F-F94B88E9F5F5}.Debug|Any CPU.Build.0 = Debug|Any CPU
		{32DA34D6-1DEE-42E8-8F6F-F94B88E9F5F5}.Release|Any CPU.ActiveCfg = Release|Any CPU
		{32DA34D6-1DEE-42E8-8F6F-F94B88E9F5F5}.Release|Any CPU.Build.0 = Release|Any CPU
	EndGlobalSection
	GlobalSection(SolutionProperties) = preSolution
		HideSolutionNode = FALSE
	EndGlobalSection
	GlobalSection(ExtensibilityGlobals) = postSolution
		SolutionGuid = {38FBB1A5-07CC-4FA1-8A13-BCC137950DD2}
	EndGlobalSection
EndGlobal
