
Microsoft Visual Studio Solution File, Format Version 12.00
# Visual Studio Version 17
VisualStudioVersion = 17.8.34511.84
MinimumVisualStudioVersion = 10.0.40219.1
Project("{FAE04EC0-301F-11D3-BF4B-00C04F79EFBC}") = "File-scoped-namespace-declaration", "File-scoped-namespace-declaration.csproj", "{206FF50E-4F7F-4923-91AD-4E9DD6ED923B}"
EndProject
Global
	GlobalSection(SolutionConfigurationPlatforms) = preSolution
		Debug|Any CPU = Debug|Any CPU
		Release|Any CPU = Release|Any CPU
	EndGlobalSection
	GlobalSection(ProjectConfigurationPlatforms) = postSolution
		{206FF50E-4F7F-4923-91AD-4E9DD6ED923B}.Debug|Any CPU.ActiveCfg = Debug|Any CPU
		{206FF50E-4F7F-4923-91AD-4E9DD6ED923B}.Debug|Any CPU.Build.0 = Debug|Any CPU
		{206FF50E-4F7F-4923-91AD-4E9DD6ED923B}.Release|Any CPU.ActiveCfg = Release|Any CPU
		{206FF50E-4F7F-4923-91AD-4E9DD6ED923B}.Release|Any CPU.Build.0 = Release|Any CPU
	EndGlobalSection
	GlobalSection(SolutionProperties) = preSolution
		HideSolutionNode = FALSE
	EndGlobalSection
	GlobalSection(ExtensibilityGlobals) = postSolution
		SolutionGuid = {DC85730B-94EE-4177-9C2A-B85A69A68C11}
	EndGlobalSection
EndGlobal
